// !$*UTF8*$!
{
	archiveVersion = 1;
	classes = {
	};
	objectVersion = 48;
	objects = {

/* Begin PBXBuildFile section */
		741AEE971FE8CA15000A7EC2 /* AppDelegate.m in Sources */ = {isa = PBXBuildFile; fileRef = 741AEE961FE8CA15000A7EC2 /* AppDelegate.m */; };
		741AEE9A1FE8CA15000A7EC2 /* ViewController.m in Sources */ = {isa = PBXBuildFile; fileRef = 741AEE991FE8CA15000A7EC2 /* ViewController.m */; };
		741AEE9D1FE8CA15000A7EC2 /* Main.storyboard in Resources */ = {isa = PBXBuildFile; fileRef = 741AEE9B1FE8CA15000A7EC2 /* Main.storyboard */; };
		741AEE9F1FE8CA15000A7EC2 /* Assets.xcassets in Resources */ = {isa = PBXBuildFile; fileRef = 741AEE9E1FE8CA15000A7EC2 /* Assets.xcassets */; };
		741AEEA21FE8CA15000A7EC2 /* LaunchScreen.storyboard in Resources */ = {isa = PBXBuildFile; fileRef = 741AEEA01FE8CA15000A7EC2 /* LaunchScreen.storyboard */; };
		741AEEA51FE8CA15000A7EC2 /* main.m in Sources */ = {isa = PBXBuildFile; fileRef = 741AEEA41FE8CA15000A7EC2 /* main.m */; };
		741AEEAF1FE8CA15000A7EC2 /* DelegateDispatchTests.m in Sources */ = {isa = PBXBuildFile; fileRef = 741AEEAE1FE8CA15000A7EC2 /* DelegateDispatchTests.m */; };
		741AEEBA1FE8CA15000A7EC2 /* DelegateDispatchUITests.m in Sources */ = {isa = PBXBuildFile; fileRef = 741AEEB91FE8CA15000A7EC2 /* DelegateDispatchUITests.m */; };
		741AEEC91FE8CA86000A7EC2 /* DelegateDispatch.m in Sources */ = {isa = PBXBuildFile; fileRef = 741AEEC81FE8CA86000A7EC2 /* DelegateDispatch.m */; };
/* End PBXBuildFile section */

/* Begin PBXContainerItemProxy section */
		741AEEAB1FE8CA15000A7EC2 /* PBXContainerItemProxy */ = {
			isa = PBXContainerItemProxy;
			containerPortal = 741AEE8A1FE8CA15000A7EC2 /* Project object */;
			proxyType = 1;
			remoteGlobalIDString = 741AEE911FE8CA15000A7EC2;
			remoteInfo = DelegateDispatch;
		};
		741AEEB61FE8CA15000A7EC2 /* PBXContainerItemProxy */ = {
			isa = PBXContainerItemProxy;
			containerPortal = 741AEE8A1FE8CA15000A7EC2 /* Project object */;
			proxyType = 1;
			remoteGlobalIDString = 741AEE911FE8CA15000A7EC2;
			remoteInfo = DelegateDispatch;
		};
/* End PBXContainerItemProxy section */

/* Begin PBXFileReference section */
		741AEE921FE8CA15000A7EC2 /* DelegateDispatch.app */ = {isa = PBXFileReference; explicitFileType = wrapper.application; includeInIndex = 0; path = DelegateDispatch.app; sourceTree = BUILT_PRODUCTS_DIR; };
		741AEE951FE8CA15000A7EC2 /* AppDelegate.h */ = {isa = PBXFileReference; lastKnownFileType = sourcecode.c.h; path = AppDelegate.h; sourceTree = "<group>"; };
		741AEE961FE8CA15000A7EC2 /* AppDelegate.m */ = {isa = PBXFileReference; lastKnownFileType = sourcecode.c.objc; path = AppDelegate.m; sourceTree = "<group>"; };
		741AEE981FE8CA15000A7EC2 /* ViewController.h */ = {isa = PBXFileReference; lastKnownFileType = sourcecode.c.h; path = ViewController.h; sourceTree = "<group>"; };
		741AEE991FE8CA15000A7EC2 /* ViewController.m */ = {isa = PBXFileReference; lastKnownFileType = sourcecode.c.objc; path = ViewController.m; sourceTree = "<group>"; };
		741AEE9C1FE8CA15000A7EC2 /* Base */ = {isa = PBXFileReference; lastKnownFileType = file.storyboard; name = Base; path = Base.lproj/Main.storyboard; sourceTree = "<group>"; };
		741AEE9E1FE8CA15000A7EC2 /* Assets.xcassets */ = {isa = PBXFileReference; lastKnownFileType = folder.assetcatalog; path = Assets.xcassets; sourceTree = "<group>"; };
		741AEEA11FE8CA15000A7EC2 /* Base */ = {isa = PBXFileReference; lastKnownFileType = file.storyboard; name = Base; path = Base.lproj/LaunchScreen.storyboard; sourceTree = "<group>"; };
		741AEEA31FE8CA15000A7EC2 /* Info.plist */ = {isa = PBXFileReference; lastKnownFileType = text.plist.xml; path = Info.plist; sourceTree = "<group>"; };
		741AEEA41FE8CA15000A7EC2 /* main.m */ = {isa = PBXFileReference; lastKnownFileType = sourcecode.c.objc; path = main.m; sourceTree = "<group>"; };
		741AEEAA1FE8CA15000A7EC2 /* DelegateDispatchTests.xctest */ = {isa = PBXFileReference; explicitFileType = wrapper.cfbundle; includeInIndex = 0; path = DelegateDispatchTests.xctest; sourceTree = BUILT_PRODUCTS_DIR; };
		741AEEAE1FE8CA15000A7EC2 /* DelegateDispatchTests.m */ = {isa = PBXFileReference; lastKnownFileType = sourcecode.c.objc; path = DelegateDispatchTests.m; sourceTree = "<group>"; };
		741AEEB01FE8CA15000A7EC2 /* Info.plist */ = {isa = PBXFileReference; lastKnownFileType = text.plist.xml; path = Info.plist; sourceTree = "<group>"; };
		741AEEB51FE8CA15000A7EC2 /* DelegateDispatchUITests.xctest */ = {isa = PBXFileReference; explicitFileType = wrapper.cfbundle; includeInIndex = 0; path = DelegateDispatchUITests.xctest; sourceTree = BUILT_PRODUCTS_DIR; };
		741AEEB91FE8CA15000A7EC2 /* DelegateDispatchUITests.m */ = {isa = PBXFileReference; lastKnownFileType = sourcecode.c.objc; path = DelegateDispatchUITests.m; sourceTree = "<group>"; };
		741AEEBB1FE8CA15000A7EC2 /* Info.plist */ = {isa = PBXFileReference; lastKnownFileType = text.plist.xml; path = Info.plist; sourceTree = "<group>"; };
		741AEEC71FE8CA86000A7EC2 /* DelegateDispatch.h */ = {isa = PBXFileReference; lastKnownFileType = sourcecode.c.h; path = DelegateDispatch.h; sourceTree = "<group>"; };
		741AEEC81FE8CA86000A7EC2 /* DelegateDispatch.m */ = {isa = PBXFileReference; lastKnownFileType = sourcecode.c.objc; path = DelegateDispatch.m; sourceTree = "<group>"; };
/* End PBXFileReference section */

/* Begin PBXFrameworksBuildPhase section */
		741AEE8F1FE8CA15000A7EC2 /* Frameworks */ = {
			isa = PBXFrameworksBuildPhase;
			buildActionMask = 2147483647;
			files = (
			);
			runOnlyForDeploymentPostprocessing = 0;
		};
		741AEEA71FE8CA15000A7EC2 /* Frameworks */ = {
			isa = PBXFrameworksBuildPhase;
			buildActionMask = 2147483647;
			files = (
			);
			runOnlyForDeploymentPostprocessing = 0;
		};
		741AEEB21FE8CA15000A7EC2 /* Frameworks */ = {
			isa = PBXFrameworksBuildPhase;
			buildActionMask = 2147483647;
			files = (
			);
			runOnlyForDeploymentPostprocessing = 0;
		};
/* End PBXFrameworksBuildPhase section */

/* Begin PBXGroup section */
		741AEE891FE8CA15000A7EC2 = {
			isa = PBXGroup;
			children = (
				741AEE941FE8CA15000A7EC2 /* DelegateDispatch */,
				741AEEAD1FE8CA15000A7EC2 /* DelegateDispatchTests */,
				741AEEB81FE8CA15000A7EC2 /* DelegateDispatchUITests */,
				741AEE931FE8CA15000A7EC2 /* Products */,
			);
			sourceTree = "<group>";
		};
		741AEE931FE8CA15000A7EC2 /* Products */ = {
			isa = PBXGroup;
			children = (
				741AEE921FE8CA15000A7EC2 /* DelegateDispatch.app */,
				741AEEAA1FE8CA15000A7EC2 /* DelegateDispatchTests.xctest */,
				741AEEB51FE8CA15000A7EC2 /* DelegateDispatchUITests.xctest */,
			);
			name = Products;
			sourceTree = "<group>";
		};
		741AEE941FE8CA15000A7EC2 /* DelegateDispatch */ = {
			isa = PBXGroup;
			children = (
				741AEE951FE8CA15000A7EC2 /* AppDelegate.h */,
				741AEE961FE8CA15000A7EC2 /* AppDelegate.m */,
				741AEE981FE8CA15000A7EC2 /* ViewController.h */,
				741AEE991FE8CA15000A7EC2 /* ViewController.m */,
				741AEEC71FE8CA86000A7EC2 /* DelegateDispatch.h */,
				741AEEC81FE8CA86000A7EC2 /* DelegateDispatch.m */,
				741AEE9B1FE8CA15000A7EC2 /* Main.storyboard */,
				741AEE9E1FE8CA15000A7EC2 /* Assets.xcassets */,
				741AEEA01FE8CA15000A7EC2 /* LaunchScreen.storyboard */,
				741AEEA31FE8CA15000A7EC2 /* Info.plist */,
				741AEEA41FE8CA15000A7EC2 /* main.m */,
			);
			path = DelegateDispatch;
			sourceTree = "<group>";
		};
		741AEEAD1FE8CA15000A7EC2 /* DelegateDispatchTests */ = {
			isa = PBXGroup;
			children = (
				741AEEAE1FE8CA15000A7EC2 /* DelegateDispatchTests.m */,
				741AEEB01FE8CA15000A7EC2 /* Info.plist */,
			);
			path = DelegateDispatchTests;
			sourceTree = "<group>";
		};
		741AEEB81FE8CA15000A7EC2 /* DelegateDispatchUITests */ = {
			isa = PBXGroup;
			children = (
				741AEEB91FE8CA15000A7EC2 /* DelegateDispatchUITests.m */,
				741AEEBB1FE8CA15000A7EC2 /* Info.plist */,
			);
			path = DelegateDispatchUITests;
			sourceTree = "<group>";
		};
/* End PBXGroup section */

/* Begin PBXNativeTarget section */
		741AEE911FE8CA15000A7EC2 /* DelegateDispatch */ = {
			isa = PBXNativeTarget;
			buildConfigurationList = 741AEEBE1FE8CA15000A7EC2 /* Build configuration list for PBXNativeTarget "DelegateDispatch" */;
			buildPhases = (
				741AEE8E1FE8CA15000A7EC2 /* Sources */,
				741AEE8F1FE8CA15000A7EC2 /* Frameworks */,
				741AEE901FE8CA15000A7EC2 /* Resources */,
			);
			buildRules = (
			);
			dependencies = (
			);
			name = DelegateDispatch;
			productName = DelegateDispatch;
			productReference = 741AEE921FE8CA15000A7EC2 /* DelegateDispatch.app */;
			productType = "com.apple.product-type.application";
		};
		741AEEA91FE8CA15000A7EC2 /* DelegateDispatchTests */ = {
			isa = PBXNativeTarget;
			buildConfigurationList = 741AEEC11FE8CA15000A7EC2 /* Build configuration list for PBXNativeTarget "DelegateDispatchTests" */;
			buildPhases = (
				741AEEA61FE8CA15000A7EC2 /* Sources */,
				741AEEA71FE8CA15000A7EC2 /* Frameworks */,
				741AEEA81FE8CA15000A7EC2 /* Resources */,
			);
			buildRules = (
			);
			dependencies = (
				741AEEAC1FE8CA15000A7EC2 /* PBXTargetDependency */,
			);
			name = DelegateDispatchTests;
			productName = DelegateDispatchTests;
			productReference = 741AEEAA1FE8CA15000A7EC2 /* DelegateDispatchTests.xctest */;
			productType = "com.apple.product-type.bundle.unit-test";
		};
		741AEEB41FE8CA15000A7EC2 /* DelegateDispatchUITests */ = {
			isa = PBXNativeTarget;
			buildConfigurationList = 741AEEC41FE8CA15000A7EC2 /* Build configuration list for PBXNativeTarget "DelegateDispatchUITests" */;
			buildPhases = (
				741AEEB11FE8CA15000A7EC2 /* Sources */,
				741AEEB21FE8CA15000A7EC2 /* Frameworks */,
				741AEEB31FE8CA15000A7EC2 /* Resources */,
			);
			buildRules = (
			);
			dependencies = (
				741AEEB71FE8CA15000A7EC2 /* PBXTargetDependency */,
			);
			name = DelegateDispatchUITests;
			productName = DelegateDispatchUITests;
			productReference = 741AEEB51FE8CA15000A7EC2 /* DelegateDispatchUITests.xctest */;
			productType = "com.apple.product-type.bundle.ui-testing";
		};
/* End PBXNativeTarget section */

/* Begin PBXProject section */
		741AEE8A1FE8CA15000A7EC2 /* Project object */ = {
			isa = PBXProject;
			attributes = {
				LastUpgradeCheck = 0910;
				ORGANIZATIONNAME = xiabob;
				TargetAttributes = {
					741AEE911FE8CA15000A7EC2 = {
						CreatedOnToolsVersion = 9.1;
						ProvisioningStyle = Automatic;
					};
					741AEEA91FE8CA15000A7EC2 = {
						CreatedOnToolsVersion = 9.1;
						ProvisioningStyle = Automatic;
						TestTargetID = 741AEE911FE8CA15000A7EC2;
					};
					741AEEB41FE8CA15000A7EC2 = {
						CreatedOnToolsVersion = 9.1;
						ProvisioningStyle = Automatic;
						TestTargetID = 741AEE911FE8CA15000A7EC2;
					};
				};
			};
			buildConfigurationList = 741AEE8D1FE8CA15000A7EC2 /* Build configuration list for PBXProject "DelegateDispatch" */;
			compatibilityVersion = "Xcode 8.0";
			developmentRegion = en;
			hasScannedForEncodings = 0;
			knownRegions = (
				en,
				Base,
			);
			mainGroup = 741AEE891FE8CA15000A7EC2;
			productRefGroup = 741AEE931FE8CA15000A7EC2 /* Products */;
			projectDirPath = "";
			projectRoot = "";
			targets = (
				741AEE911FE8CA15000A7EC2 /* DelegateDispatch */,
				741AEEA91FE8CA15000A7EC2 /* DelegateDispatchTests */,
				741AEEB41FE8CA15000A7EC2 /* DelegateDispatchUITests */,
			);
		};
/* End PBXProject section */

/* Begin PBXResourcesBuildPhase section */
		741AEE901FE8CA15000A7EC2 /* Resources */ = {
			isa = PBXResourcesBuildPhase;
			buildActionMask = 2147483647;
			files = (
				741AEEA21FE8CA15000A7EC2 /* LaunchScreen.storyboard in Resources */,
				741AEE9F1FE8CA15000A7EC2 /* Assets.xcassets in Resources */,
				741AEE9D1FE8CA15000A7EC2 /* Main.storyboard in Resources */,
			);
			runOnlyForDeploymentPostprocessing = 0;
		};
		741AEEA81FE8CA15000A7EC2 /* Resources */ = {
			isa = PBXResourcesBuildPhase;
			buildActionMask = 2147483647;
			files = (
			);
			runOnlyForDeploymentPostprocessing = 0;
		};
		741AEEB31FE8CA15000A7EC2 /* Resources */ = {
			isa = PBXResourcesBuildPhase;
			buildActionMask = 2147483647;
			files = (
			);
			runOnlyForDeploymentPostprocessing = 0;
		};
/* End PBXResourcesBuildPhase section */

/* Begin PBXSourcesBuildPhase section */
		741AEE8E1FE8CA15000A7EC2 /* Sources */ = {
			isa = PBXSourcesBuildPhase;
			buildActionMask = 2147483647;
			files = (
				741AEEC91FE8CA86000A7EC2 /* DelegateDispatch.m in Sources */,
				741AEE9A1FE8CA15000A7EC2 /* ViewController.m in Sources */,
				741AEEA51FE8CA15000A7EC2 /* main.m in Sources */,
				741AEE971FE8CA15000A7EC2 /* AppDelegate.m in Sources */,
			);
			runOnlyForDeploymentPostprocessing = 0;
		};
		741AEEA61FE8CA15000A7EC2 /* Sources */ = {
			isa = PBXSourcesBuildPhase;
			buildActionMask = 2147483647;
			files = (
				741AEEAF1FE8CA15000A7EC2 /* DelegateDispatchTests.m in Sources */,
			);
			runOnlyForDeploymentPostprocessing = 0;
		};
		741AEEB11FE8CA15000A7EC2 /* Sources */ = {
			isa = PBXSourcesBuildPhase;
			buildActionMask = 2147483647;
			files = (
				741AEEBA1FE8CA15000A7EC2 /* DelegateDispatchUITests.m in Sources */,
			);
			runOnlyForDeploymentPostprocessing = 0;
		};
/* End PBXSourcesBuildPhase section */

/* Begin PBXTargetDependency section */
		741AEEAC1FE8CA15000A7EC2 /* PBXTargetDependency */ = {
			isa = PBXTargetDependency;
			target = 741AEE911FE8CA15000A7EC2 /* DelegateDispatch */;
			targetProxy = 741AEEAB1FE8CA15000A7EC2 /* PBXContainerItemProxy */;
		};
		741AEEB71FE8CA15000A7EC2 /* PBXTargetDependency */ = {
			isa = PBXTargetDependency;
			target = 741AEE911FE8CA15000A7EC2 /* DelegateDispatch */;
			targetProxy = 741AEEB61FE8CA15000A7EC2 /* PBXContainerItemProxy */;
		};
/* End PBXTargetDependency section */

/* Begin PBXVariantGroup section */
		741AEE9B1FE8CA15000A7EC2 /* Main.storyboard */ = {
			isa = PBXVariantGroup;
			children = (
				741AEE9C1FE8CA15000A7EC2 /* Base */,
			);
			name = Main.storyboard;
			sourceTree = "<group>";
		};
		741AEEA01FE8CA15000A7EC2 /* LaunchScreen.storyboard */ = {
			isa = PBXVariantGroup;
			children = (
				741AEEA11FE8CA15000A7EC2 /* Base */,
			);
			name = LaunchScreen.storyboard;
			sourceTree = "<group>";
		};
/* End PBXVariantGroup section */

/* Begin XCBuildConfiguration section */
		741AEEBC1FE8CA15000A7EC2 /* Debug */ = {
			isa = XCBuildConfiguration;
			buildSettings = {
				ALWAYS_SEARCH_USER_PATHS = NO;
				CLANG_ANALYZER_NONNULL = YES;
				CLANG_ANALYZER_NUMBER_OBJECT_CONVERSION = YES_AGGRESSIVE;
				CLANG_CXX_LANGUAGE_STANDARD = "gnu++14";
				CLANG_CXX_LIBRARY = "libc++";
				CLANG_ENABLE_MODULES = YES;
				CLANG_ENABLE_OBJC_ARC = YES;
				CLANG_WARN_BLOCK_CAPTURE_AUTORELEASING = YES;
				CLANG_WARN_BOOL_CONVERSION = YES;
				CLANG_WARN_COMMA = YES;
				CLANG_WARN_CONSTANT_CONVERSION = YES;
				CLANG_WARN_DIRECT_OBJC_ISA_USAGE = YES_ERROR;
				CLANG_WARN_DOCUMENTATION_COMMENTS = YES;
				CLANG_WARN_EMPTY_BODY = YES;
				CLANG_WARN_ENUM_CONVERSION = YES;
				CLANG_WARN_INFINITE_RECURSION = YES;
				CLANG_WARN_INT_CONVERSION = YES;
				CLANG_WARN_NON_LITERAL_NULL_CONVERSION = YES;
				CLANG_WARN_OBJC_LITERAL_CONVERSION = YES;
				CLANG_WARN_OBJC_ROOT_CLASS = YES_ERROR;
				CLANG_WARN_RANGE_LOOP_ANALYSIS = YES;
				CLANG_WARN_STRICT_PROTOTYPES = YES;
				CLANG_WARN_SUSPICIOUS_MOVE = YES;
				CLANG_WARN_UNGUARDED_AVAILABILITY = YES_AGGRESSIVE;
				CLANG_WARN_UNREACHABLE_CODE = YES;
				CLANG_WARN__DUPLICATE_METHOD_MATCH = YES;
				CODE_SIGN_IDENTITY = "iPhone Developer";
				COPY_PHASE_STRIP = NO;
				DEBUG_INFORMATION_FORMAT = dwarf;
				ENABLE_STRICT_OBJC_MSGSEND = YES;
				ENABLE_TESTABILITY = YES;
				GCC_C_LANGUAGE_STANDARD = gnu11;
				GCC_DYNAMIC_NO_PIC = NO;
				GCC_NO_COMMON_BLOCKS = YES;
				GCC_OPTIMIZATION_LEVEL = 0;
				GCC_PREPROCESSOR_DEFINITIONS = (
					"DEBUG=1",
					"$(inherited)",
				);
				GCC_WARN_64_TO_32_BIT_CONVERSION = YES;
				GCC_WARN_ABOUT_RETURN_TYPE = YES_ERROR;
				GCC_WARN_UNDECLARED_SELECTOR = YES;
				GCC_WARN_UNINITIALIZED_AUTOS = YES_AGGRESSIVE;
				GCC_WARN_UNUSED_FUNCTION = YES;
				GCC_WARN_UNUSED_VARIABLE = YES;
				IPHONEOS_DEPLOYMENT_TARGET = 11.1;
				MTL_ENABLE_DEBUG_INFO = YES;
				ONLY_ACTIVE_ARCH = YES;
				SDKROOT = iphoneos;
			};
			name = Debug;
		};
		741AEEBD1FE8CA15000A7EC2 /* Release */ = {
			isa = XCBuildConfiguration;
			buildSettings = {
				ALWAYS_SEARCH_USER_PATHS = NO;
				CLANG_ANALYZER_NONNULL = YES;
				CLANG_ANALYZER_NUMBER_OBJECT_CONVERSION = YES_AGGRESSIVE;
				CLANG_CXX_LANGUAGE_STANDARD = "gnu++14";
				CLANG_CXX_LIBRARY = "libc++";
				CLANG_ENABLE_MODULES = YES;
				CLANG_ENABLE_OBJC_ARC = YES;
				CLANG_WARN_BLOCK_CAPTURE_AUTORELEASING = YES;
				CLANG_WARN_BOOL_CONVERSION = YES;
				CLANG_WARN_COMMA = YES;
				CLANG_WARN_CONSTANT_CONVERSION = YES;
				CLANG_WARN_DIRECT_OBJC_ISA_USAGE = YES_ERROR;
				CLANG_WARN_DOCUMENTATION_COMMENTS = YES;
				CLANG_WARN_EMPTY_BODY = YES;
				CLANG_WARN_ENUM_CONVERSION = YES;
				CLANG_WARN_INFINITE_RECURSION = YES;
				CLANG_WARN_INT_CONVERSION = YES;
				CLANG_WARN_NON_LITERAL_NULL_CONVERSION = YES;
				CLANG_WARN_OBJC_LITERAL_CONVERSION = YES;
				CLANG_WARN_OBJC_ROOT_CLASS = YES_ERROR;
				CLANG_WARN_RANGE_LOOP_ANALYSIS = YES;
				CLANG_WARN_STRICT_PROTOTYPES = YES;
				CLANG_WARN_SUSPICIOUS_MOVE = YES;
				CLANG_WARN_UNGUARDED_AVAILABILITY = YES_AGGRESSIVE;
				CLANG_WARN_UNREACHABLE_CODE = YES;
				CLANG_WARN__DUPLICATE_METHOD_MATCH = YES;
				CODE_SIGN_IDENTITY = "iPhone Developer";
				COPY_PHASE_STRIP = NO;
				DEBUG_INFORMATION_FORMAT = "dwarf-with-dsym";
				ENABLE_NS_ASSERTIONS = NO;
				ENABLE_STRICT_OBJC_MSGSEND = YES;
				GCC_C_LANGUAGE_STANDARD = gnu11;
				GCC_NO_COMMON_BLOCKS = YES;
				GCC_WARN_64_TO_32_BIT_CONVERSION = YES;
				GCC_WARN_ABOUT_RETURN_TYPE = YES_ERROR;
				GCC_WARN_UNDECLARED_SELECTOR = YES;
				GCC_WARN_UNINITIALIZED_AUTOS = YES_AGGRESSIVE;
				GCC_WARN_UNUSED_FUNCTION = YES;
				GCC_WARN_UNUSED_VARIABLE = YES;
				IPHONEOS_DEPLOYMENT_TARGET = 11.1;
				MTL_ENABLE_DEBUG_INFO = NO;
				SDKROOT = iphoneos;
				VALIDATE_PRODUCT = YES;
			};
			name = Release;
		};
		741AEEBF1FE8CA15000A7EC2 /* Debug */ = {
			isa = XCBuildConfiguration;
			buildSettings = {
				ASSETCATALOG_COMPILER_APPICON_NAME = AppIcon;
				CODE_SIGN_STYLE = Automatic;
				DEVELOPMENT_TEAM = WPR8JVVW9L;
				INFOPLIST_FILE = DelegateDispatch/Info.plist;
				LD_RUNPATH_SEARCH_PATHS = "$(inherited) @executable_path/Frameworks";
				PRODUCT_BUNDLE_IDENTIFIER = com.xiabob.DelegateDispatch;
				PRODUCT_NAME = "$(TARGET_NAME)";
				TARGETED_DEVICE_FAMILY = "1,2";
			};
			name = Debug;
		};
		741AEEC01FE8CA15000A7EC2 /* Release */ = {
			isa = XCBuildConfiguration;
			buildSettings = {
				ASSETCATALOG_COMPILER_APPICON_NAME = AppIcon;
				CODE_SIGN_STYLE = Automatic;
				DEVELOPMENT_TEAM = WPR8JVVW9L;
				INFOPLIST_FILE = DelegateDispatch/Info.plist;
				LD_RUNPATH_SEARCH_PATHS = "$(inherited) @executable_path/Frameworks";
				PRODUCT_BUNDLE_IDENTIFIER = com.xiabob.DelegateDispatch;
				PRODUCT_NAME = "$(TARGET_NAME)";
				TARGETED_DEVICE_FAMILY = "1,2";
			};
			name = Release;
		};
		741AEEC21FE8CA15000A7EC2 /* Debug */ = {
			isa = XCBuildConfiguration;
			buildSettings = {
				BUNDLE_LOADER = "$(TEST_HOST)";
				CODE_SIGN_STYLE = Automatic;
				DEVELOPMENT_TEAM = WPR8JVVW9L;
				INFOPLIST_FILE = DelegateDispatchTests/Info.plist;
				LD_RUNPATH_SEARCH_PATHS = "$(inherited) @executable_path/Frameworks @loader_path/Frameworks";
				PRODUCT_BUNDLE_IDENTIFIER = com.xiabob.DelegateDispatchTests;
				PRODUCT_NAME = "$(TARGET_NAME)";
				TARGETED_DEVICE_FAMILY = "1,2";
				TEST_HOST = "$(BUILT_PRODUCTS_DIR)/DelegateDispatch.app/DelegateDispatch";
			};
			name = Debug;
		};
		741AEEC31FE8CA15000A7EC2 /* Release */ = {
			isa = XCBuildConfiguration;
			buildSettings = {
				BUNDLE_LOADER = "$(TEST_HOST)";
				CODE_SIGN_STYLE = Automatic;
				DEVELOPMENT_TEAM = WPR8JVVW9L;
				INFOPLIST_FILE = DelegateDispatchTests/Info.plist;
				LD_RUNPATH_SEARCH_PATHS = "$(inherited) @executable_path/Frameworks @loader_path/Frameworks";
				PRODUCT_BUNDLE_IDENTIFIER = com.xiabob.DelegateDispatchTests;
				PRODUCT_NAME = "$(TARGET_NAME)";
				TARGETED_DEVICE_FAMILY = "1,2";
				TEST_HOST = "$(BUILT_PRODUCTS_DIR)/DelegateDispatch.app/DelegateDispatch";
			};
			name = Release;
		};
		741AEEC51FE8CA15000A7EC2 /* Debug */ = {
			isa = XCBuildConfiguration;
			buildSettings = {
				CODE_SIGN_STYLE = Automatic;
				DEVELOPMENT_TEAM = WPR8JVVW9L;
				INFOPLIST_FILE = DelegateDispatchUITests/Info.plist;
				LD_RUNPATH_SEARCH_PATHS = "$(inherited) @executable_path/Frameworks @loader_path/Frameworks";
				PRODUCT_BUNDLE_IDENTIFIER = com.xiabob.DelegateDispatchUITests;
				PRODUCT_NAME = "$(TARGET_NAME)";
				TARGETED_DEVICE_FAMILY = "1,2";
				TEST_TARGET_NAME = DelegateDispatch;
			};
			name = Debug;
		};
		741AEEC61FE8CA15000A7EC2 /* Release */ = {
			isa = XCBuildConfiguration;
			buildSettings = {
				CODE_SIGN_STYLE = Automatic;
				DEVELOPMENT_TEAM = WPR8JVVW9L;
				INFOPLIST_FILE = DelegateDispatchUITests/Info.plist;
				LD_RUNPATH_SEARCH_PATHS = "$(inherited) @executable_path/Frameworks @loader_path/Frameworks";
				PRODUCT_BUNDLE_IDENTIFIER = com.xiabob.DelegateDispatchUITests;
				PRODUCT_NAME = "$(TARGET_NAME)";
				TARGETED_DEVICE_FAMILY = "1,2";
				TEST_TARGET_NAME = DelegateDispatch;
			};
			name = Release;
		};
/* End XCBuildConfiguration section */

/* Begin XCConfigurationList section */
		741AEE8D1FE8CA15000A7EC2 /* Build configuration list for PBXProject "DelegateDispatch" */ = {
			isa = XCConfigurationList;
			buildConfigurations = (
				741AEEBC1FE8CA15000A7EC2 /* Debug */,
				741AEEBD1FE8CA15000A7EC2 /* Release */,
			);
			defaultConfigurationIsVisible = 0;
			defaultConfigurationName = Release;
		};
		741AEEBE1FE8CA15000A7EC2 /* Build configuration list for PBXNativeTarget "DelegateDispatch" */ = {
			isa = XCConfigurationList;
			buildConfigurations = (
				741AEEBF1FE8CA15000A7EC2 /* Debug */,
				741AEEC01FE8CA15000A7EC2 /* Release */,
			);
			defaultConfigurationIsVisible = 0;
			defaultConfigurationName = Release;
		};
		741AEEC11FE8CA15000A7EC2 /* Build configuration list for PBXNativeTarget "DelegateDispatchTests" */ = {
			isa = XCConfigurationList;
			buildConfigurations = (
				741AEEC21FE8CA15000A7EC2 /* Debug */,
				741AEEC31FE8CA15000A7EC2 /* Release */,
			);
			defaultConfigurationIsVisible = 0;
			defaultConfigurationName = Release;
		};
		741AEEC41FE8CA15000A7EC2 /* Build configuration list for PBXNativeTarget "DelegateDispatchUITests" */ = {
			isa = XCConfigurationList;
			buildConfigurations = (
				741AEEC51FE8CA15000A7EC2 /* Debug */,
				741AEEC61FE8CA15000A7EC2 /* Release */,
			);
			defaultConfigurationIsVisible = 0;
			defaultConfigurationName = Release;
		};
/* End XCConfigurationList section */
	};
	rootObject = 741AEE8A1FE8CA15000A7EC2 /* Project object */;
}
